
Microsoft Visual Studio Solution File, Format Version 12.00
# Visual Studio Version 17
VisualStudioVersion = 17.5.33414.496
MinimumVisualStudioVersion = 10.0.40219.1
Project("{FAE04EC0-301F-11D3-BF4B-00C04F79EFBC}") = "Task4", "Task4\Task4.csproj", "{BAEE5B6F-9126-4C18-9F98-E9A0E776E1B1}"
EndProject
Global
	GlobalSection(SolutionConfigurationPlatforms) = preSolution
		Debug|Any CPU = Debug|Any CPU
		Release|Any CPU = Release|Any CPU
	EndGlobalSection
	GlobalSection(ProjectConfigurationPlatforms) = postSolution
		{BAEE5B6F-9126-4C18-9F98-E9A0E776E1B1}.Debug|Any CPU.ActiveCfg = Debug|Any CPU
		{BAEE5B6F-9126-4C18-9F98-E9A0E776E1B1}.Debug|Any CPU.Build.0 = Debug|Any CPU
		{BAEE5B6F-9126-4C18-9F98-E9A0E776E1B1}.Release|Any CPU.ActiveCfg = Release|Any CPU
		{BAEE5B6F-9126-4C18-9F98-E9A0E776E1B1}.Release|Any CPU.Build.0 = Release|Any CPU
	EndGlobalSection
	GlobalSection(SolutionProperties) = preSolution
		HideSolutionNode = FALSE
	EndGlobalSection
	GlobalSection(ExtensibilityGlobals) = postSolution
		SolutionGuid = {CF0CE16E-89B7-4DFF-B51E-221A8B2F53C1}
	EndGlobalSection
EndGlobal
