
Microsoft Visual Studio Solution File, Format Version 12.00
# Visual Studio Version 17
VisualStudioVersion = 17.5.33414.496
MinimumVisualStudioVersion = 10.0.40219.1
Project("{FAE04EC0-301F-11D3-BF4B-00C04F79EFBC}") = "Task1", "Task1\Task1.csproj", "{D80B6A07-E860-48D0-8297-BDA38C63BD76}"
EndProject
Global
	GlobalSection(SolutionConfigurationPlatforms) = preSolution
		Debug|Any CPU = Debug|Any CPU
		Release|Any CPU = Release|Any CPU
	EndGlobalSection
	GlobalSection(ProjectConfigurationPlatforms) = postSolution
		{D80B6A07-E860-48D0-8297-BDA38C63BD76}.Debug|Any CPU.ActiveCfg = Debug|Any CPU
		{D80B6A07-E860-48D0-8297-BDA38C63BD76}.Debug|Any CPU.Build.0 = Debug|Any CPU
		{D80B6A07-E860-48D0-8297-BDA38C63BD76}.Release|Any CPU.ActiveCfg = Release|Any CPU
		{D80B6A07-E860-48D0-8297-BDA38C63BD76}.Release|Any CPU.Build.0 = Release|Any CPU
	EndGlobalSection
	GlobalSection(SolutionProperties) = preSolution
		HideSolutionNode = FALSE
	EndGlobalSection
	GlobalSection(ExtensibilityGlobals) = postSolution
		SolutionGuid = {9151129D-A240-44F7-917A-E483A25D855E}
	EndGlobalSection
EndGlobal
